// !$*UTF8*$!
{
	archiveVersion = 1;
	classes = {
	};
	objectVersion = 50;
	objects = {

/* Begin PBXBuildFile section */
		C4028C5926A96B4A00F907B4 /* SystemConfiguration.framework in Frameworks */ = {isa = PBXBuildFile; fileRef = C4028C5826A96B4A00F907B4 /* SystemConfiguration.framework */; };
		C4028C9926BCF98300F907B4 /* QuickLogin.podspec in Resources */ = {isa = PBXBuildFile; fileRef = C4028C9826BCF98300F907B4 /* QuickLogin.podspec */; };
		C46844D62721CC3100D7295E /* EAccountHYSDK.framework in Frameworks */ = {isa = PBXBuildFile; fileRef = C46844D52721CC3100D7295E /* EAccountHYSDK.framework */; };
		C46E0A8926A96842001A84A5 /* AppDelegate.m in Sources */ = {isa = PBXBuildFile; fileRef = C46E0A8826A96842001A84A5 /* AppDelegate.m */; };
		C46E0A8C26A96842001A84A5 /* SceneDelegate.m in Sources */ = {isa = PBXBuildFile; fileRef = C46E0A8B26A96842001A84A5 /* SceneDelegate.m */; };
		C46E0A8F26A96842001A84A5 /* ViewController.m in Sources */ = {isa = PBXBuildFile; fileRef = C46E0A8E26A96842001A84A5 /* ViewController.m */; };
		C46E0A9226A96842001A84A5 /* Main.storyboard in Resources */ = {isa = PBXBuildFile; fileRef = C46E0A9026A96842001A84A5 /* Main.storyboard */; };
		C46E0A9426A96844001A84A5 /* Assets.xcassets in Resources */ = {isa = PBXBuildFile; fileRef = C46E0A9326A96844001A84A5 /* Assets.xcassets */; };
		C46E0A9726A96844001A84A5 /* LaunchScreen.storyboard in Resources */ = {isa = PBXBuildFile; fileRef = C46E0A9526A96844001A84A5 /* LaunchScreen.storyboard */; };
		C46E0A9A26A96844001A84A5 /* main.m in Sources */ = {isa = PBXBuildFile; fileRef = C46E0A9926A96844001A84A5 /* main.m */; };
		C4763DFA26FEE34400C5342C /* QuickLogin.framework in Frameworks */ = {isa = PBXBuildFile; fileRef = C4763DF926FEE34400C5342C /* QuickLogin.framework */; };
		C4951DE72A22124A004E182B /* TYRZUISDK.framework in Frameworks */ = {isa = PBXBuildFile; fileRef = C4951DE62A22124A004E182B /* TYRZUISDK.framework */; };
		C4C5FF47270C0DF400018DA7 /* libz.1.2.8.tbd in Frameworks */ = {isa = PBXBuildFile; fileRef = C4C5FF46270C0DF400018DA7 /* libz.1.2.8.tbd */; };
		C4C5FF49270C0DFA00018DA7 /* libc++.tbd in Frameworks */ = {isa = PBXBuildFile; fileRef = C4C5FF48270C0DFA00018DA7 /* libc++.tbd */; };
		C4F9FE46271D4CD900288C78 /* WKResource.bundle in Resources */ = {isa = PBXBuildFile; fileRef = C4F9FE45271D4CD800288C78 /* WKResource.bundle */; };
/* End PBXBuildFile section */

/* Begin PBXFileReference section */
		C4028C5626A96B2500F907B4 /* CFNetwork.framework */ = {isa = PBXFileReference; lastKnownFileType = wrapper.framework; name = CFNetwork.framework; path = System/Library/Frameworks/CFNetwork.framework; sourceTree = SDKROOT; };
		C4028C5826A96B4A00F907B4 /* SystemConfiguration.framework */ = {isa = PBXFileReference; lastKnownFileType = wrapper.framework; name = SystemConfiguration.framework; path = System/Library/Frameworks/SystemConfiguration.framework; sourceTree = SDKROOT; };
		C4028C9826BCF98300F907B4 /* QuickLogin.podspec */ = {isa = PBXFileReference; fileEncoding = 4; lastKnownFileType = text; path = QuickLogin.podspec; sourceTree = "<group>"; };
		C46844D52721CC3100D7295E /* EAccountHYSDK.framework */ = {isa = PBXFileReference; lastKnownFileType = wrapper.framework; path = EAccountHYSDK.framework; sourceTree = "<group>"; };
		C46E0A8426A96842001A84A5 /* QuickLogin-Demo.app */ = {isa = PBXFileReference; explicitFileType = wrapper.application; includeInIndex = 0; path = "QuickLogin-Demo.app"; sourceTree = BUILT_PRODUCTS_DIR; };
		C46E0A8726A96842001A84A5 /* AppDelegate.h */ = {isa = PBXFileReference; lastKnownFileType = sourcecode.c.h; path = AppDelegate.h; sourceTree = "<group>"; };
		C46E0A8826A96842001A84A5 /* AppDelegate.m */ = {isa = PBXFileReference; lastKnownFileType = sourcecode.c.objc; path = AppDelegate.m; sourceTree = "<group>"; };
		C46E0A8A26A96842001A84A5 /* SceneDelegate.h */ = {isa = PBXFileReference; lastKnownFileType = sourcecode.c.h; path = SceneDelegate.h; sourceTree = "<group>"; };
		C46E0A8B26A96842001A84A5 /* SceneDelegate.m */ = {isa = PBXFileReference; lastKnownFileType = sourcecode.c.objc; path = SceneDelegate.m; sourceTree = "<group>"; };
		C46E0A8D26A96842001A84A5 /* ViewController.h */ = {isa = PBXFileReference; lastKnownFileType = sourcecode.c.h; path = ViewController.h; sourceTree = "<group>"; };
		C46E0A8E26A96842001A84A5 /* ViewController.m */ = {isa = PBXFileReference; lastKnownFileType = sourcecode.c.objc; path = ViewController.m; sourceTree = "<group>"; };
		C46E0A9126A96842001A84A5 /* Base */ = {isa = PBXFileReference; lastKnownFileType = file.storyboard; name = Base; path = Base.lproj/Main.storyboard; sourceTree = "<group>"; };
		C46E0A9326A96844001A84A5 /* Assets.xcassets */ = {isa = PBXFileReference; lastKnownFileType = folder.assetcatalog; path = Assets.xcassets; sourceTree = "<group>"; };
		C46E0A9626A96844001A84A5 /* Base */ = {isa = PBXFileReference; lastKnownFileType = file.storyboard; name = Base; path = Base.lproj/LaunchScreen.storyboard; sourceTree = "<group>"; };
		C46E0A9826A96844001A84A5 /* Info.plist */ = {isa = PBXFileReference; lastKnownFileType = text.plist.xml; path = Info.plist; sourceTree = "<group>"; };
		C46E0A9926A96844001A84A5 /* main.m */ = {isa = PBXFileReference; lastKnownFileType = sourcecode.c.objc; path = main.m; sourceTree = "<group>"; };
		C4763DF926FEE34400C5342C /* QuickLogin.framework */ = {isa = PBXFileReference; lastKnownFileType = wrapper.framework; path = QuickLogin.framework; sourceTree = "<group>"; };
		C4951DE62A22124A004E182B /* TYRZUISDK.framework */ = {isa = PBXFileReference; lastKnownFileType = wrapper.framework; path = TYRZUISDK.framework; sourceTree = "<group>"; };
		C4C5FF46270C0DF400018DA7 /* libz.1.2.8.tbd */ = {isa = PBXFileReference; lastKnownFileType = "sourcecode.text-based-dylib-definition"; name = libz.1.2.8.tbd; path = usr/lib/libz.1.2.8.tbd; sourceTree = SDKROOT; };
		C4C5FF48270C0DFA00018DA7 /* libc++.tbd */ = {isa = PBXFileReference; lastKnownFileType = "sourcecode.text-based-dylib-definition"; name = "libc++.tbd"; path = "usr/lib/libc++.tbd"; sourceTree = SDKROOT; };
		C4F9FE45271D4CD800288C78 /* WKResource.bundle */ = {isa = PBXFileReference; lastKnownFileType = "wrapper.plug-in"; path = WKResource.bundle; sourceTree = "<group>"; };
/* End PBXFileReference section */

/* Begin PBXFrameworksBuildPhase section */
		C46E0A8126A96842001A84A5 /* Frameworks */ = {
			isa = PBXFrameworksBuildPhase;
			buildActionMask = 2147483647;
			files = (
				C46844D62721CC3100D7295E /* EAccountHYSDK.framework in Frameworks */,
				C4C5FF49270C0DFA00018DA7 /* libc++.tbd in Frameworks */,
				C4C5FF47270C0DF400018DA7 /* libz.1.2.8.tbd in Frameworks */,
				C4028C5926A96B4A00F907B4 /* SystemConfiguration.framework in Frameworks */,
				C4951DE72A22124A004E182B /* TYRZUISDK.framework in Frameworks */,
				C4763DFA26FEE34400C5342C /* QuickLogin.framework in Frameworks */,
			);
			runOnlyForDeploymentPostprocessing = 0;
		};
/* End PBXFrameworksBuildPhase section */

/* Begin PBXGroup section */
		C4028C5526A96B2500F907B4 /* Frameworks */ = {
			isa = PBXGroup;
			children = (
				C4C5FF48270C0DFA00018DA7 /* libc++.tbd */,
				C4C5FF46270C0DF400018DA7 /* libz.1.2.8.tbd */,
				C4028C5826A96B4A00F907B4 /* SystemConfiguration.framework */,
				C4028C5626A96B2500F907B4 /* CFNetwork.framework */,
			);
			name = Frameworks;
			sourceTree = "<group>";
		};
		C4028C9426BBE13A00F907B4 /* Lib */ = {
			isa = PBXGroup;
			children = (
				C4951DE62A22124A004E182B /* TYRZUISDK.framework */,
				C4F9FE45271D4CD800288C78 /* WKResource.bundle */,
				C46844D52721CC3100D7295E /* EAccountHYSDK.framework */,
				C4763DF926FEE34400C5342C /* QuickLogin.framework */,
			);
			path = Lib;
			sourceTree = SOURCE_ROOT;
		};
		C4028C9726BCF98300F907B4 /* Podspec Metadata */ = {
			isa = PBXGroup;
			children = (
				C4028C9826BCF98300F907B4 /* QuickLogin.podspec */,
			);
			path = "Podspec Metadata";
			sourceTree = "<group>";
		};
		C46E0A7B26A96842001A84A5 = {
			isa = PBXGroup;
			children = (
				C4028C9726BCF98300F907B4 /* Podspec Metadata */,
				C46E0A8626A96842001A84A5 /* QuickLogin-Demo */,
				C46E0A8526A96842001A84A5 /* Products */,
				C4028C5526A96B2500F907B4 /* Frameworks */,
			);
			sourceTree = "<group>";
		};
		C46E0A8526A96842001A84A5 /* Products */ = {
			isa = PBXGroup;
			children = (
				C46E0A8426A96842001A84A5 /* QuickLogin-Demo.app */,
			);
			name = Products;
			sourceTree = "<group>";
		};
		C46E0A8626A96842001A84A5 /* QuickLogin-Demo */ = {
			isa = PBXGroup;
			children = (
				C4028C9426BBE13A00F907B4 /* Lib */,
				C46E0A8726A96842001A84A5 /* AppDelegate.h */,
				C46E0A8826A96842001A84A5 /* AppDelegate.m */,
				C46E0A8A26A96842001A84A5 /* SceneDelegate.h */,
				C46E0A8B26A96842001A84A5 /* SceneDelegate.m */,
				C46E0A8D26A96842001A84A5 /* ViewController.h */,
				C46E0A8E26A96842001A84A5 /* ViewController.m */,
				C46E0A9026A96842001A84A5 /* Main.storyboard */,
				C46E0A9326A96844001A84A5 /* Assets.xcassets */,
				C46E0A9526A96844001A84A5 /* LaunchScreen.storyboard */,
				C46E0A9826A96844001A84A5 /* Info.plist */,
				C46E0A9926A96844001A84A5 /* main.m */,
			);
			path = "QuickLogin-Demo";
			sourceTree = "<group>";
		};
/* End PBXGroup section */

/* Begin PBXNativeTarget section */
		C46E0A8326A96842001A84A5 /* QuickLogin-Demo */ = {
			isa = PBXNativeTarget;
			buildConfigurationList = C46E0A9D26A96844001A84A5 /* Build configuration list for PBXNativeTarget "QuickLogin-Demo" */;
			buildPhases = (
				C46E0A8026A96842001A84A5 /* Sources */,
				C46E0A8126A96842001A84A5 /* Frameworks */,
				C46E0A8226A96842001A84A5 /* Resources */,
			);
			buildRules = (
			);
			dependencies = (
			);
			name = "QuickLogin-Demo";
			productName = "QuickLogin-Demo";
			productReference = C46E0A8426A96842001A84A5 /* QuickLogin-Demo.app */;
			productType = "com.apple.product-type.application";
		};
/* End PBXNativeTarget section */

/* Begin PBXProject section */
		C46E0A7C26A96842001A84A5 /* Project object */ = {
			isa = PBXProject;
			attributes = {
				LastUpgradeCheck = 1250;
				TargetAttributes = {
					C46E0A8326A96842001A84A5 = {
						CreatedOnToolsVersion = 12.5.1;
					};
				};
			};
			buildConfigurationList = C46E0A7F26A96842001A84A5 /* Build configuration list for PBXProject "QuickLogin-Demo" */;
			compatibilityVersion = "Xcode 9.3";
			developmentRegion = en;
			hasScannedForEncodings = 0;
			knownRegions = (
				en,
				Base,
			);
			mainGroup = C46E0A7B26A96842001A84A5;
			productRefGroup = C46E0A8526A96842001A84A5 /* Products */;
			projectDirPath = "";
			projectRoot = "";
			targets = (
				C46E0A8326A96842001A84A5 /* QuickLogin-Demo */,
			);
		};
/* End PBXProject section */

/* Begin PBXResourcesBuildPhase section */
		C46E0A8226A96842001A84A5 /* Resources */ = {
			isa = PBXResourcesBuildPhase;
			buildActionMask = 2147483647;
			files = (
				C4028C9926BCF98300F907B4 /* QuickLogin.podspec in Resources */,
				C46E0A9726A96844001A84A5 /* LaunchScreen.storyboard in Resources */,
				C46E0A9426A96844001A84A5 /* Assets.xcassets in Resources */,
				C4F9FE46271D4CD900288C78 /* WKResource.bundle in Resources */,
				C46E0A9226A96842001A84A5 /* Main.storyboard in Resources */,
			);
			runOnlyForDeploymentPostprocessing = 0;
		};
/* End PBXResourcesBuildPhase section */

/* Begin PBXSourcesBuildPhase section */
		C46E0A8026A96842001A84A5 /* Sources */ = {
			isa = PBXSourcesBuildPhase;
			buildActionMask = 2147483647;
			files = (
				C46E0A8F26A96842001A84A5 /* ViewController.m in Sources */,
				C46E0A8926A96842001A84A5 /* AppDelegate.m in Sources */,
				C46E0A9A26A96844001A84A5 /* main.m in Sources */,
				C46E0A8C26A96842001A84A5 /* SceneDelegate.m in Sources */,
			);
			runOnlyForDeploymentPostprocessing = 0;
		};
/* End PBXSourcesBuildPhase section */

/* Begin PBXVariantGroup section */
		C46E0A9026A96842001A84A5 /* Main.storyboard */ = {
			isa = PBXVariantGroup;
			children = (
				C46E0A9126A96842001A84A5 /* Base */,
			);
			name = Main.storyboard;
			sourceTree = "<group>";
		};
		C46E0A9526A96844001A84A5 /* LaunchScreen.storyboard */ = {
			isa = PBXVariantGroup;
			children = (
				C46E0A9626A96844001A84A5 /* Base */,
			);
			name = LaunchScreen.storyboard;
			sourceTree = "<group>";
		};
/* End PBXVariantGroup section */

/* Begin XCBuildConfiguration section */
		C46E0A9B26A96844001A84A5 /* Debug */ = {
			isa = XCBuildConfiguration;
			buildSettings = {
				ALWAYS_SEARCH_USER_PATHS = NO;
				CLANG_ANALYZER_NONNULL = YES;
				CLANG_ANALYZER_NUMBER_OBJECT_CONVERSION = YES_AGGRESSIVE;
				CLANG_CXX_LANGUAGE_STANDARD = "gnu++14";
				CLANG_CXX_LIBRARY = "libc++";
				CLANG_ENABLE_MODULES = YES;
				CLANG_ENABLE_OBJC_ARC = YES;
				CLANG_ENABLE_OBJC_WEAK = YES;
				CLANG_WARN_BLOCK_CAPTURE_AUTORELEASING = YES;
				CLANG_WARN_BOOL_CONVERSION = YES;
				CLANG_WARN_COMMA = YES;
				CLANG_WARN_CONSTANT_CONVERSION = YES;
				CLANG_WARN_DEPRECATED_OBJC_IMPLEMENTATIONS = YES;
				CLANG_WARN_DIRECT_OBJC_ISA_USAGE = YES_ERROR;
				CLANG_WARN_DOCUMENTATION_COMMENTS = YES;
				CLANG_WARN_EMPTY_BODY = YES;
				CLANG_WARN_ENUM_CONVERSION = YES;
				CLANG_WARN_INFINITE_RECURSION = YES;
				CLANG_WARN_INT_CONVERSION = YES;
				CLANG_WARN_NON_LITERAL_NULL_CONVERSION = YES;
				CLANG_WARN_OBJC_IMPLICIT_RETAIN_SELF = YES;
				CLANG_WARN_OBJC_LITERAL_CONVERSION = YES;
				CLANG_WARN_OBJC_ROOT_CLASS = YES_ERROR;
				CLANG_WARN_QUOTED_INCLUDE_IN_FRAMEWORK_HEADER = YES;
				CLANG_WARN_RANGE_LOOP_ANALYSIS = YES;
				CLANG_WARN_STRICT_PROTOTYPES = YES;
				CLANG_WARN_SUSPICIOUS_MOVE = YES;
				CLANG_WARN_UNGUARDED_AVAILABILITY = YES_AGGRESSIVE;
				CLANG_WARN_UNREACHABLE_CODE = YES;
				CLANG_WARN__DUPLICATE_METHOD_MATCH = YES;
				COPY_PHASE_STRIP = NO;
				DEBUG_INFORMATION_FORMAT = dwarf;
				ENABLE_STRICT_OBJC_MSGSEND = YES;
				ENABLE_TESTABILITY = YES;
				GCC_C_LANGUAGE_STANDARD = gnu11;
				GCC_DYNAMIC_NO_PIC = NO;
				GCC_NO_COMMON_BLOCKS = YES;
				GCC_OPTIMIZATION_LEVEL = 0;
				GCC_PREPROCESSOR_DEFINITIONS = (
					"DEBUG=1",
					"$(inherited)",
				);
				GCC_WARN_64_TO_32_BIT_CONVERSION = YES;
				GCC_WARN_ABOUT_RETURN_TYPE = YES_ERROR;
				GCC_WARN_UNDECLARED_SELECTOR = YES;
				GCC_WARN_UNINITIALIZED_AUTOS = YES_AGGRESSIVE;
				GCC_WARN_UNUSED_FUNCTION = YES;
				GCC_WARN_UNUSED_VARIABLE = YES;
				IPHONEOS_DEPLOYMENT_TARGET = 13.3;
				MTL_ENABLE_DEBUG_INFO = INCLUDE_SOURCE;
				MTL_FAST_MATH = YES;
				ONLY_ACTIVE_ARCH = YES;
				SDKROOT = iphoneos;
			};
			name = Debug;
		};
		C46E0A9C26A96844001A84A5 /* Release */ = {
			isa = XCBuildConfiguration;
			buildSettings = {
				ALWAYS_SEARCH_USER_PATHS = NO;
				CLANG_ANALYZER_NONNULL = YES;
				CLANG_ANALYZER_NUMBER_OBJECT_CONVERSION = YES_AGGRESSIVE;
				CLANG_CXX_LANGUAGE_STANDARD = "gnu++14";
				CLANG_CXX_LIBRARY = "libc++";
				CLANG_ENABLE_MODULES = YES;
				CLANG_ENABLE_OBJC_ARC = YES;
				CLANG_ENABLE_OBJC_WEAK = YES;
				CLANG_WARN_BLOCK_CAPTURE_AUTORELEASING = YES;
				CLANG_WARN_BOOL_CONVERSION = YES;
				CLANG_WARN_COMMA = YES;
				CLANG_WARN_CONSTANT_CONVERSION = YES;
				CLANG_WARN_DEPRECATED_OBJC_IMPLEMENTATIONS = YES;
				CLANG_WARN_DIRECT_OBJC_ISA_USAGE = YES_ERROR;
				CLANG_WARN_DOCUMENTATION_COMMENTS = YES;
				CLANG_WARN_EMPTY_BODY = YES;
				CLANG_WARN_ENUM_CONVERSION = YES;
				CLANG_WARN_INFINITE_RECURSION = YES;
				CLANG_WARN_INT_CONVERSION = YES;
				CLANG_WARN_NON_LITERAL_NULL_CONVERSION = YES;
				CLANG_WARN_OBJC_IMPLICIT_RETAIN_SELF = YES;
				CLANG_WARN_OBJC_LITERAL_CONVERSION = YES;
				CLANG_WARN_OBJC_ROOT_CLASS = YES_ERROR;
				CLANG_WARN_QUOTED_INCLUDE_IN_FRAMEWORK_HEADER = YES;
				CLANG_WARN_RANGE_LOOP_ANALYSIS = YES;
				CLANG_WARN_STRICT_PROTOTYPES = YES;
				CLANG_WARN_SUSPICIOUS_MOVE = YES;
				CLANG_WARN_UNGUARDED_AVAILABILITY = YES_AGGRESSIVE;
				CLANG_WARN_UNREACHABLE_CODE = YES;
				CLANG_WARN__DUPLICATE_METHOD_MATCH = YES;
				COPY_PHASE_STRIP = NO;
				DEBUG_INFORMATION_FORMAT = "dwarf-with-dsym";
				ENABLE_NS_ASSERTIONS = NO;
				ENABLE_STRICT_OBJC_MSGSEND = YES;
				GCC_C_LANGUAGE_STANDARD = gnu11;
				GCC_NO_COMMON_BLOCKS = YES;
				GCC_WARN_64_TO_32_BIT_CONVERSION = YES;
				GCC_WARN_ABOUT_RETURN_TYPE = YES_ERROR;
				GCC_WARN_UNDECLARED_SELECTOR = YES;
				GCC_WARN_UNINITIALIZED_AUTOS = YES_AGGRESSIVE;
				GCC_WARN_UNUSED_FUNCTION = YES;
				GCC_WARN_UNUSED_VARIABLE = YES;
				IPHONEOS_DEPLOYMENT_TARGET = 13.3;
				MTL_ENABLE_DEBUG_INFO = NO;
				MTL_FAST_MATH = YES;
				SDKROOT = iphoneos;
				VALIDATE_PRODUCT = YES;
			};
			name = Release;
		};
		C46E0A9E26A96844001A84A5 /* Debug */ = {
			isa = XCBuildConfiguration;
			buildSettings = {
				ASSETCATALOG_COMPILER_APPICON_NAME = AppIcon;
				ASSETCATALOG_COMPILER_GLOBAL_ACCENT_COLOR_NAME = AccentColor;
				CODE_SIGN_STYLE = Automatic;
				DEVELOPMENT_TEAM = KSDLX5H6EZ;
				ENABLE_BITCODE = NO;
				FRAMEWORK_SEARCH_PATHS = (
					"$(inherited)",
					"$(PROJECT_DIR)",
					"$(PROJECT_DIR)/QuickLogin-Demo",
					"$(PROJECT_DIR)/Lib",
				);
				INFOPLIST_FILE = "QuickLogin-Demo/Info.plist";
				LD_RUNPATH_SEARCH_PATHS = (
					"$(inherited)",
					"@executable_path/Frameworks",
				);
				OTHER_LDFLAGS = (
					"-all_load",
					"-ObjC",
				);
				PRODUCT_BUNDLE_IDENTIFIER = cc.bitlib.quickLoginx2;
				PRODUCT_NAME = "$(TARGET_NAME)";
				TARGETED_DEVICE_FAMILY = "1,2";
			};
			name = Debug;
		};
		C46E0A9F26A96844001A84A5 /* Release */ = {
			isa = XCBuildConfiguration;
			buildSettings = {
				ASSETCATALOG_COMPILER_APPICON_NAME = AppIcon;
				ASSETCATALOG_COMPILER_GLOBAL_ACCENT_COLOR_NAME = AccentColor;
				CODE_SIGN_STYLE = Automatic;
				DEVELOPMENT_TEAM = KSDLX5H6EZ;
				ENABLE_BITCODE = NO;
				FRAMEWORK_SEARCH_PATHS = (
					"$(inherited)",
					"$(PROJECT_DIR)",
					"$(PROJECT_DIR)/QuickLogin-Demo",
					"$(PROJECT_DIR)/Lib",
				);
				INFOPLIST_FILE = "QuickLogin-Demo/Info.plist";
				LD_RUNPATH_SEARCH_PATHS = (
					"$(inherited)",
					"@executable_path/Frameworks",
				);
				OTHER_LDFLAGS = (
					"-all_load",
					"-ObjC",
				);
				PRODUCT_BUNDLE_IDENTIFIER = cc.bitlib.quickLoginx2;
				PRODUCT_NAME = "$(TARGET_NAME)";
				TARGETED_DEVICE_FAMILY = "1,2";
			};
			name = Release;
		};
/* End XCBuildConfiguration section */

/* Begin XCConfigurationList section */
		C46E0A7F26A96842001A84A5 /* Build configuration list for PBXProject "QuickLogin-Demo" */ = {
			isa = XCConfigurationList;
			buildConfigurations = (
				C46E0A9B26A96844001A84A5 /* Debug */,
				C46E0A9C26A96844001A84A5 /* Release */,
			);
			defaultConfigurationIsVisible = 0;
			defaultConfigurationName = Release;
		};
		C46E0A9D26A96844001A84A5 /* Build configuration list for PBXNativeTarget "QuickLogin-Demo" */ = {
			isa = XCConfigurationList;
			buildConfigurations = (
				C46E0A9E26A96844001A84A5 /* Debug */,
				C46E0A9F26A96844001A84A5 /* Release */,
			);
			defaultConfigurationIsVisible = 0;
			defaultConfigurationName = Release;
		};
/* End XCConfigurationList section */
	};
	rootObject = C46E0A7C26A96842001A84A5 /* Project object */;
}
